{
  "name": "codewars-katas",
  "version": "1.0.0",
  "lockfileVersion": 1,
  "requires": true,
  "dependencies": {
    "@cspotcode/source-map-consumer": {
      "version": "0.8.0",
      "resolved": "https://10.173.255.160:443/artifactory/api/npm/brs-npm-repos/@cspotcode/source-map-consumer/-/source-map-consumer-0.8.0.tgz?dl=https://registry.npmjs.org/@cspotcode/source-map-consumer/-/source-map-consumer-0.8.0.tgz",
      "integrity": "sha1-M79LeznBeIIWBvZpu8RHpqYpeGs="
    },
    "@cspotcode/source-map-support": {
      "version": "0.7.0",
      "resolved": "https://10.173.255.160:443/artifactory/api/npm/brs-npm-repos/@cspotcode/source-map-support/-/source-map-support-0.7.0.tgz?dl=https://registry.npmjs.org/@cspotcode/source-map-support/-/source-map-support-0.7.0.tgz",
      "integrity": "sha1-R4mECqhZ5G0vMXNyercHxmvzRPU=",
      "requires": {
        "@cspotcode/source-map-consumer": "0.8.0"
      }
    },
    "@tsconfig/node10": {
      "version": "1.0.8",
      "resolved": "https://10.173.255.160:443/artifactory/api/npm/brs-npm-repos/@tsconfig/node10/-/node10-1.0.8.tgz?dl=https://registry.npmjs.org/@tsconfig/node10/-/node10-1.0.8.tgz",
      "integrity": "sha1-weToDW+WT77LM1nEO9SLQPfK2tk="
    },
    "@tsconfig/node12": {
      "version": "1.0.9",
      "resolved": "https://10.173.255.160:443/artifactory/api/npm/brs-npm-repos/@tsconfig/node12/-/node12-1.0.9.tgz?dl=https://registry.npmjs.org/@tsconfig/node12/-/node12-1.0.9.tgz",
      "integrity": "sha1-YsH23uLr2a6tgNw6+laBDljhoEw="
    },
    "@tsconfig/node14": {
      "version": "1.0.1",
      "resolved": "https://10.173.255.160:443/artifactory/api/npm/brs-npm-repos/@tsconfig/node14/-/node14-1.0.1.tgz?dl=https://registry.npmjs.org/@tsconfig/node14/-/node14-1.0.1.tgz",
      "integrity": "sha1-lfLRZ/+5uNIGiwsjUwL6/U33EfI="
    },
    "@tsconfig/node16": {
      "version": "1.0.2",
      "resolved": "https://10.173.255.160:443/artifactory/api/npm/brs-npm-repos/@tsconfig/node16/-/node16-1.0.2.tgz?dl=https://registry.npmjs.org/@tsconfig/node16/-/node16-1.0.2.tgz",
      "integrity": "sha1-Qjx3h30Fadsg4fyAiFrEEYMUAQ4="
    },
    "@types/mocha": {
      "version": "9.0.0",
      "resolved": "https://10.173.255.160:443/artifactory/api/npm/brs-npm-repos/@types/mocha/-/mocha-9.0.0.tgz?dl=https://registry.npmjs.org/@types/mocha/-/mocha-9.0.0.tgz",
      "integrity": "sha1-MgW80Vram8aBrCC+9k6ebfiP0pc=",
      "dev": true
    },
    "@types/node": {
      "version": "17.0.8",
      "resolved": "https://10.173.255.160:443/artifactory/api/npm/brs-npm-repos/@types/node/-/node-17.0.8.tgz?dl=https://registry.npmjs.org/@types/node/-/node-17.0.8.tgz",
      "integrity": "sha1-UNaAyKinj+MKvmkGRTshrYqwrXs="
    },
    "@ungap/promise-all-settled": {
      "version": "1.1.2",
      "resolved": "https://10.173.255.160:443/artifactory/api/npm/brs-npm-repos/@ungap/promise-all-settled/-/promise-all-settled-1.1.2.tgz?dl=https://registry.npmjs.org/@ungap/promise-all-settled/-/promise-all-settled-1.1.2.tgz",
      "integrity": "sha1-qlgEJxHW4ydd033Fl+XTHowpCkQ=",
      "dev": true
    },
    "acorn": {
      "version": "8.7.0",
      "resolved": "https://10.173.255.160:443/artifactory/api/npm/brs-npm-repos/acorn/-/acorn-8.7.0.tgz?dl=https://registry.npmjs.org/acorn/-/acorn-8.7.0.tgz",
      "integrity": "sha1-kJUf3g+PCd+TVJSB5fwUFEW3kc8="
    },
    "acorn-walk": {
      "version": "8.2.0",
      "resolved": "https://10.173.255.160:443/artifactory/api/npm/brs-npm-repos/acorn-walk/-/acorn-walk-8.2.0.tgz?dl=https://registry.npmjs.org/acorn-walk/-/acorn-walk-8.2.0.tgz",
      "integrity": "sha1-dBIQ8uJCZFRQiFOi9E0KuDt/acE="
    },
    "ansi-colors": {
      "version": "4.1.1",
      "resolved": "https://10.173.255.160:443/artifactory/api/npm/brs-npm-repos/ansi-colors/-/ansi-colors-4.1.1.tgz?dl=https://registry.npmjs.org/ansi-colors/-/ansi-colors-4.1.1.tgz",
      "integrity": "sha1-y7muJWv3UK8eqzRPIpqif+lLo0g=",
      "dev": true
    },
    "ansi-regex": {
      "version": "3.0.0",
      "resolved": "https://10.173.255.160:443/artifactory/api/npm/brs-npm-repos/ansi-regex/-/ansi-regex-3.0.0.tgz?dl=https://registry.npmjs.org/ansi-regex/-/ansi-regex-3.0.0.tgz",
      "integrity": "sha1-7QMXwyIGT3lGbAKWa922Bas32Zg=",
      "dev": true
    },
    "ansi-styles": {
      "version": "4.3.0",
      "resolved": "https://10.173.255.160:443/artifactory/api/npm/brs-npm-repos/ansi-styles/-/ansi-styles-4.3.0.tgz?dl=https://registry.npmjs.org/ansi-styles/-/ansi-styles-4.3.0.tgz",
      "integrity": "sha1-7dgDYornHATIWuegkG7a00tkiTc=",
      "dev": true,
      "requires": {
        "color-convert": "^2.0.1"
      }
    },
    "anymatch": {
      "version": "3.1.2",
      "resolved": "https://10.173.255.160:443/artifactory/api/npm/brs-npm-repos/anymatch/-/anymatch-3.1.2.tgz?dl=https://registry.npmjs.org/anymatch/-/anymatch-3.1.2.tgz",
      "integrity": "sha1-wFV8CWrzLxBhmPT04qODU343hxY=",
      "dev": true,
      "requires": {
        "normalize-path": "^3.0.0",
        "picomatch": "^2.0.4"
      }
    },
    "arg": {
      "version": "4.1.3",
      "resolved": "https://10.173.255.160:443/artifactory/api/npm/brs-npm-repos/arg/-/arg-4.1.3.tgz?dl=https://registry.npmjs.org/arg/-/arg-4.1.3.tgz",
      "integrity": "sha1-Jp/HrVuOQstjyJbVZmAXJhwUQIk="
    },
    "argparse": {
      "version": "2.0.1",
      "resolved": "https://10.173.255.160:443/artifactory/api/npm/brs-npm-repos/argparse/-/argparse-2.0.1.tgz?dl=https://registry.npmjs.org/argparse/-/argparse-2.0.1.tgz",
      "integrity": "sha1-JG9Q88p4oyQPbJl+ipvR6sSeSzg=",
      "dev": true
    },
    "balanced-match": {
      "version": "1.0.2",
      "resolved": "https://10.173.255.160:443/artifactory/api/npm/brs-npm-repos/balanced-match/-/balanced-match-1.0.2.tgz?dl=https://registry.npmjs.org/balanced-match/-/balanced-match-1.0.2.tgz",
      "integrity": "sha1-6D46fj8wCzTLnYf2FfoMvzV2kO4=",
      "dev": true
    },
    "binary-extensions": {
      "version": "2.2.0",
      "resolved": "https://10.173.255.160:443/artifactory/api/npm/brs-npm-repos/binary-extensions/-/binary-extensions-2.2.0.tgz?dl=https://registry.npmjs.org/binary-extensions/-/binary-extensions-2.2.0.tgz",
      "integrity": "sha1-dfUC7q+f/eQvyYgpZFvk6na9ni0=",
      "dev": true
    },
    "brace-expansion": {
      "version": "1.1.11",
      "resolved": "https://10.173.255.160:443/artifactory/api/npm/brs-npm-repos/brace-expansion/-/brace-expansion-1.1.11.tgz?dl=https://registry.npmjs.org/brace-expansion/-/brace-expansion-1.1.11.tgz",
      "integrity": "sha1-PH/L9SnYcibz0vUrlm/1Jx60Qd0=",
      "dev": true,
      "requires": {
        "balanced-match": "^1.0.0",
        "concat-map": "0.0.1"
      }
    },
    "braces": {
      "version": "3.0.2",
      "resolved": "https://10.173.255.160:443/artifactory/api/npm/brs-npm-repos/braces/-/braces-3.0.2.tgz?dl=https://registry.npmjs.org/braces/-/braces-3.0.2.tgz",
      "integrity": "sha1-NFThpGLujVmeI23zNs2epPiv4Qc=",
      "dev": true,
      "requires": {
        "fill-range": "^7.0.1"
      }
    },
    "browser-stdout": {
      "version": "1.3.1",
      "resolved": "https://10.173.255.160:443/artifactory/api/npm/brs-npm-repos/browser-stdout/-/browser-stdout-1.3.1.tgz?dl=https://registry.npmjs.org/browser-stdout/-/browser-stdout-1.3.1.tgz",
      "integrity": "sha1-uqVZ7hTO1zRSIputcyZGfGH6vWA=",
      "dev": true
    },
    "camelcase": {
      "version": "6.2.0",
      "resolved": "https://10.173.255.160:443/artifactory/api/npm/brs-npm-repos/camelcase/-/camelcase-6.2.0.tgz?dl=https://registry.npmjs.org/camelcase/-/camelcase-6.2.0.tgz",
      "integrity": "sha1-kkr4gcnVJaydh/QNlk5c6pgqGAk=",
      "dev": true
    },
    "chalk": {
      "version": "4.1.1",
      "resolved": "https://10.173.255.160:443/artifactory/api/npm/brs-npm-repos/chalk/-/chalk-4.1.1.tgz?dl=https://registry.npmjs.org/chalk/-/chalk-4.1.1.tgz",
      "integrity": "sha1-yAs/qyi/Y3HmhjMl7uZ+YYt35q0=",
      "dev": true,
      "requires": {
        "ansi-styles": "^4.1.0",
        "supports-color": "^7.1.0"
      },
      "dependencies": {
        "supports-color": {
          "version": "7.2.0",
          "resolved": "https://10.173.255.160:443/artifactory/api/npm/brs-npm-repos/supports-color/-/supports-color-7.2.0.tgz?dl=https://registry.npmjs.org/supports-color/-/supports-color-7.2.0.tgz",
          "integrity": "sha1-G33NyzK4E4gBs+R4umpRyqiWSNo=",
          "dev": true,
          "requires": {
            "has-flag": "^4.0.0"
          }
        }
      }
    },
    "chokidar": {
      "version": "3.5.1",
      "resolved": "https://10.173.255.160:443/artifactory/api/npm/brs-npm-repos/chokidar/-/chokidar-3.5.1.tgz?dl=https://registry.npmjs.org/chokidar/-/chokidar-3.5.1.tgz",
      "integrity": "sha1-7pznu+vSt59J8wR5nVRo4x4U5oo=",
      "dev": true,
      "requires": {
        "anymatch": "~3.1.1",
        "braces": "~3.0.2",
        "fsevents": "~2.3.1",
        "glob-parent": "~5.1.0",
        "is-binary-path": "~2.1.0",
        "is-glob": "~4.0.1",
        "normalize-path": "~3.0.0",
        "readdirp": "~3.5.0"
      }
    },
    "cliui": {
      "version": "7.0.4",
      "resolved": "https://10.173.255.160:443/artifactory/api/npm/brs-npm-repos/cliui/-/cliui-7.0.4.tgz?dl=https://registry.npmjs.org/cliui/-/cliui-7.0.4.tgz",
      "integrity": "sha1-oCZe5lVHb8gHrqnfPfjfd4OAi08=",
      "dev": true,
      "requires": {
        "string-width": "^4.2.0",
        "strip-ansi": "^6.0.0",
        "wrap-ansi": "^7.0.0"
      },
      "dependencies": {
        "ansi-regex": {
          "version": "5.0.0",
          "resolved": "https://10.173.255.160:443/artifactory/api/npm/brs-npm-repos/ansi-regex/-/ansi-regex-5.0.0.tgz?dl=https://registry.npmjs.org/ansi-regex/-/ansi-regex-5.0.0.tgz",
          "integrity": "sha1-OIU59VF5vzkznIGvMKZU1p+Hy3U=",
          "dev": true
        },
        "is-fullwidth-code-point": {
          "version": "3.0.0",
          "resolved": "https://10.173.255.160:443/artifactory/api/npm/brs-npm-repos/is-fullwidth-code-point/-/is-fullwidth-code-point-3.0.0.tgz?dl=https://registry.npmjs.org/is-fullwidth-code-point/-/is-fullwidth-code-point-3.0.0.tgz",
          "integrity": "sha1-8Rb4Bk/pCz94RKOJl8C3UFEmnx0=",
          "dev": true
        },
        "string-width": {
          "version": "4.2.2",
          "resolved": "https://10.173.255.160:443/artifactory/api/npm/brs-npm-repos/string-width/-/string-width-4.2.2.tgz?dl=https://registry.npmjs.org/string-width/-/string-width-4.2.2.tgz",
          "integrity": "sha1-2v1PlVmnWFz7pSnGoKT3NIjr1MU=",
          "dev": true,
          "requires": {
            "emoji-regex": "^8.0.0",
            "is-fullwidth-code-point": "^3.0.0",
            "strip-ansi": "^6.0.0"
          }
        },
        "strip-ansi": {
          "version": "6.0.0",
          "resolved": "https://10.173.255.160:443/artifactory/api/npm/brs-npm-repos/strip-ansi/-/strip-ansi-6.0.0.tgz?dl=https://registry.npmjs.org/strip-ansi/-/strip-ansi-6.0.0.tgz",
          "integrity": "sha1-CxVx3XZpzNTz4G4U7x7tJiJa5TI=",
          "dev": true,
          "requires": {
            "ansi-regex": "^5.0.0"
          }
        }
      }
    },
    "color-convert": {
      "version": "2.0.1",
      "resolved": "https://10.173.255.160:443/artifactory/api/npm/brs-npm-repos/color-convert/-/color-convert-2.0.1.tgz?dl=https://registry.npmjs.org/color-convert/-/color-convert-2.0.1.tgz",
      "integrity": "sha1-ctOmjVmMm9s68q0ehPIdiWq9TeM=",
      "dev": true,
      "requires": {
        "color-name": "~1.1.4"
      }
    },
    "color-name": {
      "version": "1.1.4",
      "resolved": "https://10.173.255.160:443/artifactory/api/npm/brs-npm-repos/color-name/-/color-name-1.1.4.tgz?dl=https://registry.npmjs.org/color-name/-/color-name-1.1.4.tgz",
      "integrity": "sha1-wqCah6y95pVD3m9j+jmVyCbFNqI=",
      "dev": true
    },
    "concat-map": {
      "version": "0.0.1",
      "resolved": "https://10.173.255.160:443/artifactory/api/npm/brs-npm-repos/concat-map/-/concat-map-0.0.1.tgz?dl=https://registry.npmjs.org/concat-map/-/concat-map-0.0.1.tgz",
      "integrity": "sha1-2Klr13/Wjfd5OnMDajug1UBdR3s=",
      "dev": true
    },
    "create-require": {
      "version": "1.1.1",
      "resolved": "https://10.173.255.160:443/artifactory/api/npm/brs-npm-repos/create-require/-/create-require-1.1.1.tgz?dl=https://registry.npmjs.org/create-require/-/create-require-1.1.1.tgz",
      "integrity": "sha1-wdfo8eX2z8n/ZfnNNS03NIdWwzM="
    },
    "debug": {
      "version": "4.3.1",
      "resolved": "https://10.173.255.160:443/artifactory/api/npm/brs-npm-repos/debug/-/debug-4.3.1.tgz?dl=https://registry.npmjs.org/debug/-/debug-4.3.1.tgz",
      "integrity": "sha1-8NIpxQXgxtjEmsVT0bE9wYP2su4=",
      "dev": true,
      "requires": {
        "ms": "2.1.2"
      },
      "dependencies": {
        "ms": {
          "version": "2.1.2",
          "resolved": "https://10.173.255.160:443/artifactory/api/npm/brs-npm-repos/ms/-/ms-2.1.2.tgz?dl=https://registry.npmjs.org/ms/-/ms-2.1.2.tgz",
          "integrity": "sha1-0J0fNXtEP0kzgqjrPM0YOHKuYAk=",
          "dev": true
        }
      }
    },
    "decamelize": {
      "version": "4.0.0",
      "resolved": "https://10.173.255.160:443/artifactory/api/npm/brs-npm-repos/decamelize/-/decamelize-4.0.0.tgz?dl=https://registry.npmjs.org/decamelize/-/decamelize-4.0.0.tgz",
      "integrity": "sha1-qkcte/Zg6xXzSU79UxyrfypwmDc=",
      "dev": true
    },
    "diff": {
      "version": "5.0.0",
      "resolved": "https://10.173.255.160:443/artifactory/api/npm/brs-npm-repos/diff/-/diff-5.0.0.tgz?dl=https://registry.npmjs.org/diff/-/diff-5.0.0.tgz",
      "integrity": "sha1-ftatdthZ0DB4fsNYVfWx2vMdhSs=",
      "dev": true
    },
    "emoji-regex": {
      "version": "8.0.0",
      "resolved": "https://10.173.255.160:443/artifactory/api/npm/brs-npm-repos/emoji-regex/-/emoji-regex-8.0.0.tgz?dl=https://registry.npmjs.org/emoji-regex/-/emoji-regex-8.0.0.tgz",
      "integrity": "sha1-6Bj9ac5cz8tARZT4QpY79TFkzDc=",
      "dev": true
    },
    "escalade": {
      "version": "3.1.1",
      "resolved": "https://10.173.255.160:443/artifactory/api/npm/brs-npm-repos/escalade/-/escalade-3.1.1.tgz?dl=https://registry.npmjs.org/escalade/-/escalade-3.1.1.tgz",
      "integrity": "sha1-2M/ccACWXFoBdLSoLqpcBVJ0LkA=",
      "dev": true
    },
    "escape-string-regexp": {
      "version": "4.0.0",
      "resolved": "https://10.173.255.160:443/artifactory/api/npm/brs-npm-repos/escape-string-regexp/-/escape-string-regexp-4.0.0.tgz?dl=https://registry.npmjs.org/escape-string-regexp/-/escape-string-regexp-4.0.0.tgz",
      "integrity": "sha1-FLqDpdNz49MR5a/KKc9b+tllvzQ=",
      "dev": true
    },
    "fill-range": {
      "version": "7.0.1",
      "resolved": "https://10.173.255.160:443/artifactory/api/npm/brs-npm-repos/fill-range/-/fill-range-7.0.1.tgz?dl=https://registry.npmjs.org/fill-range/-/fill-range-7.0.1.tgz",
      "integrity": "sha1-GRmmp8df44ssfHflGYU12prN2kA=",
      "dev": true,
      "requires": {
        "to-regex-range": "^5.0.1"
      }
    },
    "find-up": {
      "version": "5.0.0",
      "resolved": "https://10.173.255.160:443/artifactory/api/npm/brs-npm-repos/find-up/-/find-up-5.0.0.tgz?dl=https://registry.npmjs.org/find-up/-/find-up-5.0.0.tgz",
      "integrity": "sha1-TJKBnstwg1YeT0okCoa+UZj1Nvw=",
      "dev": true,
      "requires": {
        "locate-path": "^6.0.0",
        "path-exists": "^4.0.0"
      }
    },
    "flat": {
      "version": "5.0.2",
      "resolved": "https://10.173.255.160:443/artifactory/api/npm/brs-npm-repos/flat/-/flat-5.0.2.tgz?dl=https://registry.npmjs.org/flat/-/flat-5.0.2.tgz",
      "integrity": "sha1-jKb+MyBp/6nTJMMnGYxZglnOskE=",
      "dev": true
    },
    "fs.realpath": {
      "version": "1.0.0",
      "resolved": "https://10.173.255.160:443/artifactory/api/npm/brs-npm-repos/fs.realpath/-/fs.realpath-1.0.0.tgz?dl=https://registry.npmjs.org/fs.realpath/-/fs.realpath-1.0.0.tgz",
      "integrity": "sha1-FQStJSMVjKpA20onh8sBQRmU6k8=",
      "dev": true
    },
    "fsevents": {
      "version": "2.3.2",
      "resolved": "https://10.173.255.160:443/artifactory/api/npm/brs-npm-repos/fsevents/-/fsevents-2.3.2.tgz?dl=https://registry.npmjs.org/fsevents/-/fsevents-2.3.2.tgz",
      "integrity": "sha1-ilJveLj99GI7cJ4Ll1xSwkwC/Ro=",
      "dev": true,
      "optional": true
    },
    "get-caller-file": {
      "version": "2.0.5",
      "resolved": "https://10.173.255.160:443/artifactory/api/npm/brs-npm-repos/get-caller-file/-/get-caller-file-2.0.5.tgz?dl=https://registry.npmjs.org/get-caller-file/-/get-caller-file-2.0.5.tgz",
      "integrity": "sha1-T5RBKoLbMvNuOwuXQfipf+sDH34=",
      "dev": true
    },
    "glob": {
      "version": "7.1.6",
      "resolved": "https://10.173.255.160:443/artifactory/api/npm/brs-npm-repos/glob/-/glob-7.1.6.tgz?dl=https://registry.npmjs.org/glob/-/glob-7.1.6.tgz",
      "integrity": "sha1-FB8zuBp8JJLhJVlDB0gMRmeSeKY=",
      "dev": true,
      "requires": {
        "fs.realpath": "^1.0.0",
        "inflight": "^1.0.4",
        "inherits": "2",
        "minimatch": "^3.0.4",
        "once": "^1.3.0",
        "path-is-absolute": "^1.0.0"
      }
    },
    "glob-parent": {
      "version": "5.1.2",
      "resolved": "https://10.173.255.160:443/artifactory/api/npm/brs-npm-repos/glob-parent/-/glob-parent-5.1.2.tgz?dl=https://registry.npmjs.org/glob-parent/-/glob-parent-5.1.2.tgz",
      "integrity": "sha1-hpgyxYA0/mikCTwX3BXoNA2EAcQ=",
      "dev": true,
      "requires": {
        "is-glob": "^4.0.1"
      }
    },
    "growl": {
      "version": "1.10.5",
      "resolved": "https://10.173.255.160:443/artifactory/api/npm/brs-npm-repos/growl/-/growl-1.10.5.tgz?dl=https://registry.npmjs.org/growl/-/growl-1.10.5.tgz",
      "integrity": "sha1-8nNdwig2dPpnR4sQGBBZNVw2nl4=",
      "dev": true
    },
    "has-flag": {
      "version": "4.0.0",
      "resolved": "https://10.173.255.160:443/artifactory/api/npm/brs-npm-repos/has-flag/-/has-flag-4.0.0.tgz?dl=https://registry.npmjs.org/has-flag/-/has-flag-4.0.0.tgz",
      "integrity": "sha1-lEdx/ZyByBJlxNaUGGDaBrtZR5s=",
      "dev": true
    },
    "he": {
      "version": "1.2.0",
      "resolved": "https://10.173.255.160:443/artifactory/api/npm/brs-npm-repos/he/-/he-1.2.0.tgz?dl=https://registry.npmjs.org/he/-/he-1.2.0.tgz",
      "integrity": "sha1-hK5l+n6vsWX922FWauFLrwVmTw8=",
      "dev": true
    },
    "inflight": {
      "version": "1.0.6",
      "resolved": "https://10.173.255.160:443/artifactory/api/npm/brs-npm-repos/inflight/-/inflight-1.0.6.tgz?dl=https://registry.npmjs.org/inflight/-/inflight-1.0.6.tgz",
      "integrity": "sha1-Sb1jMdfQLQwJvJEKEHW6gWW1bfk=",
      "dev": true,
      "requires": {
        "once": "^1.3.0",
        "wrappy": "1"
      }
    },
    "inherits": {
      "version": "2.0.4",
      "resolved": "https://10.173.255.160:443/artifactory/api/npm/brs-npm-repos/inherits/-/inherits-2.0.4.tgz?dl=https://registry.npmjs.org/inherits/-/inherits-2.0.4.tgz",
      "integrity": "sha1-D6LGT5MpF8NDOg3tVTY6rjdBa3w=",
      "dev": true
    },
    "is-binary-path": {
      "version": "2.1.0",
      "resolved": "https://10.173.255.160:443/artifactory/api/npm/brs-npm-repos/is-binary-path/-/is-binary-path-2.1.0.tgz?dl=https://registry.npmjs.org/is-binary-path/-/is-binary-path-2.1.0.tgz",
      "integrity": "sha1-6h9/O4DwZCNug0cPhsCcJU+0Wwk=",
      "dev": true,
      "requires": {
        "binary-extensions": "^2.0.0"
      }
    },
    "is-extglob": {
      "version": "2.1.1",
      "resolved": "https://10.173.255.160:443/artifactory/api/npm/brs-npm-repos/is-extglob/-/is-extglob-2.1.1.tgz?dl=https://registry.npmjs.org/is-extglob/-/is-extglob-2.1.1.tgz",
      "integrity": "sha1-qIwCU1eR8C7TfHahueqXc8gz+MI=",
      "dev": true
    },
    "is-fullwidth-code-point": {
      "version": "2.0.0",
      "resolved": "https://10.173.255.160:443/artifactory/api/npm/brs-npm-repos/is-fullwidth-code-point/-/is-fullwidth-code-point-2.0.0.tgz?dl=https://registry.npmjs.org/is-fullwidth-code-point/-/is-fullwidth-code-point-2.0.0.tgz",
      "integrity": "sha1-o7MKXE8ZkYMWeqq5O+764937ZU8=",
      "dev": true
    },
    "is-glob": {
      "version": "4.0.1",
      "resolved": "https://10.173.255.160:443/artifactory/api/npm/brs-npm-repos/is-glob/-/is-glob-4.0.1.tgz?dl=https://registry.npmjs.org/is-glob/-/is-glob-4.0.1.tgz",
      "integrity": "sha1-dWfb6fL14kZ7x3q4PEopSCQHpdw=",
      "dev": true,
      "requires": {
        "is-extglob": "^2.1.1"
      }
    },
    "is-number": {
      "version": "7.0.0",
      "resolved": "https://10.173.255.160:443/artifactory/api/npm/brs-npm-repos/is-number/-/is-number-7.0.0.tgz?dl=https://registry.npmjs.org/is-number/-/is-number-7.0.0.tgz",
      "integrity": "sha1-dTU0W4lnNNX4DE0GxQlVUnoU8Ss=",
      "dev": true
    },
    "is-plain-obj": {
      "version": "2.1.0",
      "resolved": "https://10.173.255.160:443/artifactory/api/npm/brs-npm-repos/is-plain-obj/-/is-plain-obj-2.1.0.tgz?dl=https://registry.npmjs.org/is-plain-obj/-/is-plain-obj-2.1.0.tgz",
      "integrity": "sha1-ReQuN/zPH0Dajl927iFRWEDAkoc=",
      "dev": true
    },
    "isexe": {
      "version": "2.0.0",
      "resolved": "https://10.173.255.160:443/artifactory/api/npm/brs-npm-repos/isexe/-/isexe-2.0.0.tgz?dl=https://registry.npmjs.org/isexe/-/isexe-2.0.0.tgz",
      "integrity": "sha1-6PvzdNxVb/iUehDcsFctYz8s+hA=",
      "dev": true
    },
    "js-yaml": {
      "version": "4.0.0",
      "resolved": "https://10.173.255.160:443/artifactory/api/npm/brs-npm-repos/js-yaml/-/js-yaml-4.0.0.tgz?dl=https://registry.npmjs.org/js-yaml/-/js-yaml-4.0.0.tgz",
      "integrity": "sha1-9Ca8D/S0BRkmzViMcRExg0CaEh8=",
      "dev": true,
      "requires": {
        "argparse": "^2.0.1"
      }
    },
    "locate-path": {
      "version": "6.0.0",
      "resolved": "https://10.173.255.160:443/artifactory/api/npm/brs-npm-repos/locate-path/-/locate-path-6.0.0.tgz?dl=https://registry.npmjs.org/locate-path/-/locate-path-6.0.0.tgz",
      "integrity": "sha1-VTIeswn+u8WcSAHZMackUqaB0oY=",
      "dev": true,
      "requires": {
        "p-locate": "^5.0.0"
      }
    },
    "log-symbols": {
      "version": "4.0.0",
      "resolved": "https://10.173.255.160:443/artifactory/api/npm/brs-npm-repos/log-symbols/-/log-symbols-4.0.0.tgz?dl=https://registry.npmjs.org/log-symbols/-/log-symbols-4.0.0.tgz",
      "integrity": "sha1-abPMRtIPRI7M23XqH6cz2eghySA=",
      "dev": true,
      "requires": {
        "chalk": "^4.0.0"
      }
    },
    "make-error": {
      "version": "1.3.6",
      "resolved": "https://10.173.255.160:443/artifactory/api/npm/brs-npm-repos/make-error/-/make-error-1.3.6.tgz?dl=https://registry.npmjs.org/make-error/-/make-error-1.3.6.tgz",
      "integrity": "sha1-LrLjfqm2fEiR9oShOUeZr0hM96I="
    },
    "minimatch": {
      "version": "3.0.4",
      "resolved": "https://10.173.255.160:443/artifactory/api/npm/brs-npm-repos/minimatch/-/minimatch-3.0.4.tgz?dl=https://registry.npmjs.org/minimatch/-/minimatch-3.0.4.tgz",
      "integrity": "sha1-UWbihkV/AzBgZL5Ul+jbsMPTIIM=",
      "dev": true,
      "requires": {
        "brace-expansion": "^1.1.7"
      }
    },
    "mocha": {
      "version": "8.4.0",
      "resolved": "https://10.173.255.160:443/artifactory/api/npm/brs-npm-repos/mocha/-/mocha-8.4.0.tgz?dl=https://registry.npmjs.org/mocha/-/mocha-8.4.0.tgz",
      "integrity": "sha1-Z3voi/FZgKPK4Dpz4QoPw5l/DP8=",
      "dev": true,
      "requires": {
        "@ungap/promise-all-settled": "1.1.2",
        "ansi-colors": "4.1.1",
        "browser-stdout": "1.3.1",
        "chokidar": "3.5.1",
        "debug": "4.3.1",
        "diff": "5.0.0",
        "escape-string-regexp": "4.0.0",
        "find-up": "5.0.0",
        "glob": "7.1.6",
        "growl": "1.10.5",
        "he": "1.2.0",
        "js-yaml": "4.0.0",
        "log-symbols": "4.0.0",
        "minimatch": "3.0.4",
        "ms": "2.1.3",
        "nanoid": "3.1.20",
        "serialize-javascript": "5.0.1",
        "strip-json-comments": "3.1.1",
        "supports-color": "8.1.1",
        "which": "2.0.2",
        "wide-align": "1.1.3",
        "workerpool": "6.1.0",
        "yargs": "16.2.0",
        "yargs-parser": "20.2.4",
        "yargs-unparser": "2.0.0"
      }
    },
    "ms": {
      "version": "2.1.3",
      "resolved": "https://10.173.255.160:443/artifactory/api/npm/brs-npm-repos/ms/-/ms-2.1.3.tgz?dl=https://registry.npmjs.org/ms/-/ms-2.1.3.tgz",
      "integrity": "sha1-V0yBOM4dK1hh8LRFedut1gxmFbI=",
      "dev": true
    },
    "nanoid": {
      "version": "3.1.20",
      "resolved": "https://10.173.255.160:443/artifactory/api/npm/brs-npm-repos/nanoid/-/nanoid-3.1.20.tgz?dl=https://registry.npmjs.org/nanoid/-/nanoid-3.1.20.tgz",
      "integrity": "sha1-utwmPGsdzxS3HvqoX2q0wdbPx4g=",
      "dev": true
    },
    "normalize-path": {
      "version": "3.0.0",
      "resolved": "https://10.173.255.160:443/artifactory/api/npm/brs-npm-repos/normalize-path/-/normalize-path-3.0.0.tgz?dl=https://registry.npmjs.org/normalize-path/-/normalize-path-3.0.0.tgz",
      "integrity": "sha1-Dc1p/yOhybEf0JeDFmRKA4ghamU=",
      "dev": true
    },
    "once": {
      "version": "1.4.0",
      "resolved": "https://10.173.255.160:443/artifactory/api/npm/brs-npm-repos/once/-/once-1.4.0.tgz?dl=https://registry.npmjs.org/once/-/once-1.4.0.tgz",
      "integrity": "sha1-WDsap3WWHUsROsF9nFC6753Xa9E=",
      "dev": true,
      "requires": {
        "wrappy": "1"
      }
    },
    "p-limit": {
      "version": "3.1.0",
      "resolved": "https://10.173.255.160:443/artifactory/api/npm/brs-npm-repos/p-limit/-/p-limit-3.1.0.tgz?dl=https://registry.npmjs.org/p-limit/-/p-limit-3.1.0.tgz",
      "integrity": "sha1-4drMvnjQ0TiMoYxk/qOOPlfjcGs=",
      "dev": true,
      "requires": {
        "yocto-queue": "^0.1.0"
      }
    },
    "p-locate": {
      "version": "5.0.0",
      "resolved": "https://10.173.255.160:443/artifactory/api/npm/brs-npm-repos/p-locate/-/p-locate-5.0.0.tgz?dl=https://registry.npmjs.org/p-locate/-/p-locate-5.0.0.tgz",
      "integrity": "sha1-g8gxXGeFAF470CGDlBHJ4RDm2DQ=",
      "dev": true,
      "requires": {
        "p-limit": "^3.0.2"
      }
    },
    "path-exists": {
      "version": "4.0.0",
      "resolved": "https://10.173.255.160:443/artifactory/api/npm/brs-npm-repos/path-exists/-/path-exists-4.0.0.tgz?dl=https://registry.npmjs.org/path-exists/-/path-exists-4.0.0.tgz",
      "integrity": "sha1-UTvb4tO5XXdi6METfvoZXGxhtbM=",
      "dev": true
    },
    "path-is-absolute": {
      "version": "1.0.1",
      "resolved": "https://10.173.255.160:443/artifactory/api/npm/brs-npm-repos/path-is-absolute/-/path-is-absolute-1.0.1.tgz?dl=https://registry.npmjs.org/path-is-absolute/-/path-is-absolute-1.0.1.tgz",
      "integrity": "sha1-F0uSaHNVNP+8es5r9TpanhtcX18=",
      "dev": true
    },
    "picomatch": {
      "version": "2.3.0",
      "resolved": "https://10.173.255.160:443/artifactory/api/npm/brs-npm-repos/picomatch/-/picomatch-2.3.0.tgz?dl=https://registry.npmjs.org/picomatch/-/picomatch-2.3.0.tgz",
      "integrity": "sha1-8fBh3o9qS/AiiS4tEoI0+5gwKXI=",
      "dev": true
    },
    "randombytes": {
      "version": "2.1.0",
      "resolved": "https://10.173.255.160:443/artifactory/api/npm/brs-npm-repos/randombytes/-/randombytes-2.1.0.tgz?dl=https://registry.npmjs.org/randombytes/-/randombytes-2.1.0.tgz",
      "integrity": "sha1-32+ENy8CcNxlzfYpE0mrekc9Tyo=",
      "dev": true,
      "requires": {
        "safe-buffer": "^5.1.0"
      }
    },
    "readdirp": {
      "version": "3.5.0",
      "resolved": "https://10.173.255.160:443/artifactory/api/npm/brs-npm-repos/readdirp/-/readdirp-3.5.0.tgz?dl=https://registry.npmjs.org/readdirp/-/readdirp-3.5.0.tgz",
      "integrity": "sha1-m6dMAZsV02UnjS6Ru4xI17TULJ4=",
      "dev": true,
      "requires": {
        "picomatch": "^2.2.1"
      }
    },
    "require-directory": {
      "version": "2.1.1",
      "resolved": "https://10.173.255.160:443/artifactory/api/npm/brs-npm-repos/require-directory/-/require-directory-2.1.1.tgz?dl=https://registry.npmjs.org/require-directory/-/require-directory-2.1.1.tgz",
      "integrity": "sha1-jGStX9MNqxyXbiNE/+f3kqam30I=",
      "dev": true
    },
    "safe-buffer": {
      "version": "5.2.1",
      "resolved": "https://10.173.255.160:443/artifactory/api/npm/brs-npm-repos/safe-buffer/-/safe-buffer-5.2.1.tgz?dl=https://registry.npmjs.org/safe-buffer/-/safe-buffer-5.2.1.tgz",
      "integrity": "sha1-Hq+fqb2x/dTsdfWPnNtOa3gn7sY=",
      "dev": true
    },
    "serialize-javascript": {
      "version": "5.0.1",
      "resolved": "https://10.173.255.160:443/artifactory/api/npm/brs-npm-repos/serialize-javascript/-/serialize-javascript-5.0.1.tgz?dl=https://registry.npmjs.org/serialize-javascript/-/serialize-javascript-5.0.1.tgz",
      "integrity": "sha1-eIbshIBJpGJGepfT2Rjrsqr5NPQ=",
      "dev": true,
      "requires": {
        "randombytes": "^2.1.0"
      }
    },
    "string-width": {
      "version": "2.1.1",
      "resolved": "https://10.173.255.160:443/artifactory/api/npm/brs-npm-repos/string-width/-/string-width-2.1.1.tgz?dl=https://registry.npmjs.org/string-width/-/string-width-2.1.1.tgz",
      "integrity": "sha1-q5Pyeo3BPSjKyBXEYhQ6bZASrp4=",
      "dev": true,
      "requires": {
        "is-fullwidth-code-point": "^2.0.0",
        "strip-ansi": "^4.0.0"
      }
    },
    "strip-ansi": {
      "version": "4.0.0",
      "resolved": "https://10.173.255.160:443/artifactory/api/npm/brs-npm-repos/strip-ansi/-/strip-ansi-4.0.0.tgz?dl=https://registry.npmjs.org/strip-ansi/-/strip-ansi-4.0.0.tgz",
      "integrity": "sha1-qEeQIusaw2iocTibY1JixQXuNo8=",
      "dev": true,
      "requires": {
        "ansi-regex": "^3.0.0"
      }
    },
    "strip-json-comments": {
      "version": "3.1.1",
      "resolved": "https://10.173.255.160:443/artifactory/api/npm/brs-npm-repos/strip-json-comments/-/strip-json-comments-3.1.1.tgz?dl=https://registry.npmjs.org/strip-json-comments/-/strip-json-comments-3.1.1.tgz",
      "integrity": "sha1-MfEoGzgyYwQ0gxwxDAHMzajL4AY=",
      "dev": true
    },
    "supports-color": {
      "version": "8.1.1",
      "resolved": "https://10.173.255.160:443/artifactory/api/npm/brs-npm-repos/supports-color/-/supports-color-8.1.1.tgz?dl=https://registry.npmjs.org/supports-color/-/supports-color-8.1.1.tgz",
      "integrity": "sha1-zW/BfihQDP9WwbhsCn/UpUpzAFw=",
      "dev": true,
      "requires": {
        "has-flag": "^4.0.0"
      }
    },
    "to-regex-range": {
      "version": "5.0.1",
      "resolved": "https://10.173.255.160:443/artifactory/api/npm/brs-npm-repos/to-regex-range/-/to-regex-range-5.0.1.tgz?dl=https://registry.npmjs.org/to-regex-range/-/to-regex-range-5.0.1.tgz",
      "integrity": "sha1-FkjESq58jZiKMmAY7XL1tN0DkuQ=",
      "dev": true,
      "requires": {
        "is-number": "^7.0.0"
      }
    },
    "ts-node": {
      "version": "10.4.0",
      "resolved": "https://10.173.255.160:443/artifactory/api/npm/brs-npm-repos/ts-node/-/ts-node-10.4.0.tgz?dl=https://registry.npmjs.org/ts-node/-/ts-node-10.4.0.tgz",
      "integrity": "sha1-aA+IlFiF9ObPRQ5/DWIj3UBIlfc=",
      "requires": {
        "@cspotcode/source-map-support": "0.7.0",
        "@tsconfig/node10": "^1.0.7",
        "@tsconfig/node12": "^1.0.7",
        "@tsconfig/node14": "^1.0.0",
        "@tsconfig/node16": "^1.0.2",
        "acorn": "^8.4.1",
        "acorn-walk": "^8.1.1",
        "arg": "^4.1.0",
        "create-require": "^1.1.0",
        "diff": "^4.0.1",
        "make-error": "^1.1.1",
        "yn": "3.1.1"
      },
      "dependencies": {
        "diff": {
          "version": "4.0.2",
          "resolved": "https://10.173.255.160:443/artifactory/api/npm/brs-npm-repos/diff/-/diff-4.0.2.tgz?dl=https://registry.npmjs.org/diff/-/diff-4.0.2.tgz",
          "integrity": "sha1-YPOuy4nV+uUgwRqhnvwruYKq3n0="
        }
      }
    },
    "typescript": {
      "version": "4.5.4",
      "resolved": "https://10.173.255.160:443/artifactory/api/npm/brs-npm-repos/typescript/-/typescript-4.5.4.tgz?dl=https://registry.npmjs.org/typescript/-/typescript-4.5.4.tgz",
      "integrity": "sha1-oX06AmO/XIcjucUvQ8UITt8Twug="
    },
    "which": {
      "version": "2.0.2",
      "resolved": "https://10.173.255.160:443/artifactory/api/npm/brs-npm-repos/which/-/which-2.0.2.tgz?dl=https://registry.npmjs.org/which/-/which-2.0.2.tgz",
      "integrity": "sha1-fGqN0KY2oDJ+ELWckobu6T8/UbE=",
      "dev": true,
      "requires": {
        "isexe": "^2.0.0"
      }
    },
    "wide-align": {
      "version": "1.1.3",
      "resolved": "https://10.173.255.160:443/artifactory/api/npm/brs-npm-repos/wide-align/-/wide-align-1.1.3.tgz?dl=https://registry.npmjs.org/wide-align/-/wide-align-1.1.3.tgz",
      "integrity": "sha1-rgdOa9wMFKQx6ATmJFScYzsABFc=",
      "dev": true,
      "requires": {
        "string-width": "^1.0.2 || 2"
      }
    },
    "workerpool": {
      "version": "6.1.0",
      "resolved": "https://10.173.255.160:443/artifactory/api/npm/brs-npm-repos/workerpool/-/workerpool-6.1.0.tgz?dl=https://registry.npmjs.org/workerpool/-/workerpool-6.1.0.tgz",
      "integrity": "sha1-qOA4tMlFaVloUt56jqQiju/es3s=",
      "dev": true
    },
    "wrap-ansi": {
      "version": "7.0.0",
      "resolved": "https://10.173.255.160:443/artifactory/api/npm/brs-npm-repos/wrap-ansi/-/wrap-ansi-7.0.0.tgz?dl=https://registry.npmjs.org/wrap-ansi/-/wrap-ansi-7.0.0.tgz",
      "integrity": "sha1-Z+FFz/UQpqaYS98RUpEdadLrnkM=",
      "dev": true,
      "requires": {
        "ansi-styles": "^4.0.0",
        "string-width": "^4.1.0",
        "strip-ansi": "^6.0.0"
      },
      "dependencies": {
        "ansi-regex": {
          "version": "5.0.0",
          "resolved": "https://10.173.255.160:443/artifactory/api/npm/brs-npm-repos/ansi-regex/-/ansi-regex-5.0.0.tgz?dl=https://registry.npmjs.org/ansi-regex/-/ansi-regex-5.0.0.tgz",
          "integrity": "sha1-OIU59VF5vzkznIGvMKZU1p+Hy3U=",
          "dev": true
        },
        "is-fullwidth-code-point": {
          "version": "3.0.0",
          "resolved": "https://10.173.255.160:443/artifactory/api/npm/brs-npm-repos/is-fullwidth-code-point/-/is-fullwidth-code-point-3.0.0.tgz?dl=https://registry.npmjs.org/is-fullwidth-code-point/-/is-fullwidth-code-point-3.0.0.tgz",
          "integrity": "sha1-8Rb4Bk/pCz94RKOJl8C3UFEmnx0=",
          "dev": true
        },
        "string-width": {
          "version": "4.2.2",
          "resolved": "https://10.173.255.160:443/artifactory/api/npm/brs-npm-repos/string-width/-/string-width-4.2.2.tgz?dl=https://registry.npmjs.org/string-width/-/string-width-4.2.2.tgz",
          "integrity": "sha1-2v1PlVmnWFz7pSnGoKT3NIjr1MU=",
          "dev": true,
          "requires": {
            "emoji-regex": "^8.0.0",
            "is-fullwidth-code-point": "^3.0.0",
            "strip-ansi": "^6.0.0"
          }
        },
        "strip-ansi": {
          "version": "6.0.0",
          "resolved": "https://10.173.255.160:443/artifactory/api/npm/brs-npm-repos/strip-ansi/-/strip-ansi-6.0.0.tgz?dl=https://registry.npmjs.org/strip-ansi/-/strip-ansi-6.0.0.tgz",
          "integrity": "sha1-CxVx3XZpzNTz4G4U7x7tJiJa5TI=",
          "dev": true,
          "requires": {
            "ansi-regex": "^5.0.0"
          }
        }
      }
    },
    "wrappy": {
      "version": "1.0.2",
      "resolved": "https://10.173.255.160:443/artifactory/api/npm/brs-npm-repos/wrappy/-/wrappy-1.0.2.tgz?dl=https://registry.npmjs.org/wrappy/-/wrappy-1.0.2.tgz",
      "integrity": "sha1-tSQ9jz7BqjXxNkYFvA0QNuMKtp8=",
      "dev": true
    },
    "y18n": {
      "version": "5.0.8",
      "resolved": "https://10.173.255.160:443/artifactory/api/npm/brs-npm-repos/y18n/-/y18n-5.0.8.tgz?dl=https://registry.npmjs.org/y18n/-/y18n-5.0.8.tgz",
      "integrity": "sha1-f0k00PfKjFb5UxSTndzS3ZHOHVU=",
      "dev": true
    },
    "yargs": {
      "version": "16.2.0",
      "resolved": "https://10.173.255.160:443/artifactory/api/npm/brs-npm-repos/yargs/-/yargs-16.2.0.tgz?dl=https://registry.npmjs.org/yargs/-/yargs-16.2.0.tgz",
      "integrity": "sha1-HIK/D2tqZur85+8w43b0mhJHf2Y=",
      "dev": true,
      "requires": {
        "cliui": "^7.0.2",
        "escalade": "^3.1.1",
        "get-caller-file": "^2.0.5",
        "require-directory": "^2.1.1",
        "string-width": "^4.2.0",
        "y18n": "^5.0.5",
        "yargs-parser": "^20.2.2"
      },
      "dependencies": {
        "ansi-regex": {
          "version": "5.0.0",
          "resolved": "https://10.173.255.160:443/artifactory/api/npm/brs-npm-repos/ansi-regex/-/ansi-regex-5.0.0.tgz?dl=https://registry.npmjs.org/ansi-regex/-/ansi-regex-5.0.0.tgz",
          "integrity": "sha1-OIU59VF5vzkznIGvMKZU1p+Hy3U=",
          "dev": true
        },
        "is-fullwidth-code-point": {
          "version": "3.0.0",
          "resolved": "https://10.173.255.160:443/artifactory/api/npm/brs-npm-repos/is-fullwidth-code-point/-/is-fullwidth-code-point-3.0.0.tgz?dl=https://registry.npmjs.org/is-fullwidth-code-point/-/is-fullwidth-code-point-3.0.0.tgz",
          "integrity": "sha1-8Rb4Bk/pCz94RKOJl8C3UFEmnx0=",
          "dev": true
        },
        "string-width": {
          "version": "4.2.2",
          "resolved": "https://10.173.255.160:443/artifactory/api/npm/brs-npm-repos/string-width/-/string-width-4.2.2.tgz?dl=https://registry.npmjs.org/string-width/-/string-width-4.2.2.tgz",
          "integrity": "sha1-2v1PlVmnWFz7pSnGoKT3NIjr1MU=",
          "dev": true,
          "requires": {
            "emoji-regex": "^8.0.0",
            "is-fullwidth-code-point": "^3.0.0",
            "strip-ansi": "^6.0.0"
          }
        },
        "strip-ansi": {
          "version": "6.0.0",
          "resolved": "https://10.173.255.160:443/artifactory/api/npm/brs-npm-repos/strip-ansi/-/strip-ansi-6.0.0.tgz?dl=https://registry.npmjs.org/strip-ansi/-/strip-ansi-6.0.0.tgz",
          "integrity": "sha1-CxVx3XZpzNTz4G4U7x7tJiJa5TI=",
          "dev": true,
          "requires": {
            "ansi-regex": "^5.0.0"
          }
        }
      }
    },
    "yargs-parser": {
      "version": "20.2.4",
      "resolved": "https://10.173.255.160:443/artifactory/api/npm/brs-npm-repos/yargs-parser/-/yargs-parser-20.2.4.tgz?dl=https://registry.npmjs.org/yargs-parser/-/yargs-parser-20.2.4.tgz",
      "integrity": "sha1-tCiQ8UVmeW+Fro46JSkNIF8VSlQ=",
      "dev": true
    },
    "yargs-unparser": {
      "version": "2.0.0",
      "resolved": "https://10.173.255.160:443/artifactory/api/npm/brs-npm-repos/yargs-unparser/-/yargs-unparser-2.0.0.tgz?dl=https://registry.npmjs.org/yargs-unparser/-/yargs-unparser-2.0.0.tgz",
      "integrity": "sha1-8TH5ImkRrl2a04xDL+gJNmwjJes=",
      "dev": true,
      "requires": {
        "camelcase": "^6.0.0",
        "decamelize": "^4.0.0",
        "flat": "^5.0.2",
        "is-plain-obj": "^2.1.0"
      }
    },
    "yn": {
      "version": "3.1.1",
      "resolved": "https://10.173.255.160:443/artifactory/api/npm/brs-npm-repos/yn/-/yn-3.1.1.tgz?dl=https://registry.npmjs.org/yn/-/yn-3.1.1.tgz",
      "integrity": "sha1-HodAGgnXZ8HV6rJqbkwYUYLS61A="
    },
    "yocto-queue": {
      "version": "0.1.0",
      "resolved": "https://10.173.255.160:443/artifactory/api/npm/brs-npm-repos/yocto-queue/-/yocto-queue-0.1.0.tgz?dl=https://registry.npmjs.org/yocto-queue/-/yocto-queue-0.1.0.tgz",
      "integrity": "sha1-ApTrPe4FAo0x7hpfosVWpqrxChs=",
      "dev": true
    }
  }
}
